
Microsoft Visual Studio Solution File, Format Version 12.00
# Visual Studio Version 16
VisualStudioVersion = 16.0.29519.87
MinimumVisualStudioVersion = 10.0.40219.1
Project("{FAE04EC0-301F-11D3-BF4B-00C04F79EFBC}") = "ExtensionMehods.Library", "ExtensionMehodsLibrary\ExtensionMehods.Library.csproj", "{0E8FDB29-EC5D-4651-8EA3-983DA96ECDD0}"
EndProject
Project("{FAE04EC0-301F-11D3-BF4B-00C04F79EFBC}") = "ExtensionMethods.Tests", "ExtensionMethods.Tests\ExtensionMethods.Tests.csproj", "{68CA0B91-339A-416D-860D-0C359A2A0506}"
EndProject
Global
	GlobalSection(SolutionConfigurationPlatforms) = preSolution
		Debug|Any CPU = Debug|Any CPU
		Release|Any CPU = Release|Any CPU
	EndGlobalSection
	GlobalSection(ProjectConfigurationPlatforms) = postSolution
		{0E8FDB29-EC5D-4651-8EA3-983DA96ECDD0}.Debug|Any CPU.ActiveCfg = Debug|Any CPU
		{0E8FDB29-EC5D-4651-8EA3-983DA96ECDD0}.Debug|Any CPU.Build.0 = Debug|Any CPU
		{0E8FDB29-EC5D-4651-8EA3-983DA96ECDD0}.Release|Any CPU.ActiveCfg = Release|Any CPU
		{0E8FDB29-EC5D-4651-8EA3-983DA96ECDD0}.Release|Any CPU.Build.0 = Release|Any CPU
		{68CA0B91-339A-416D-860D-0C359A2A0506}.Debug|Any CPU.ActiveCfg = Debug|Any CPU
		{68CA0B91-339A-416D-860D-0C359A2A0506}.Debug|Any CPU.Build.0 = Debug|Any CPU
		{68CA0B91-339A-416D-860D-0C359A2A0506}.Release|Any CPU.ActiveCfg = Release|Any CPU
		{68CA0B91-339A-416D-860D-0C359A2A0506}.Release|Any CPU.Build.0 = Release|Any CPU
	EndGlobalSection
	GlobalSection(SolutionProperties) = preSolution
		HideSolutionNode = FALSE
	EndGlobalSection
	GlobalSection(ExtensibilityGlobals) = postSolution
		SolutionGuid = {14410C21-196D-4CF0-98DE-B9D3A4DCF1F3}
	EndGlobalSection
EndGlobal
